
Microsoft Visual Studio Solution File, Format Version 12.00
# Visual Studio Version 16
VisualStudioVersion = 16.0.31424.327
MinimumVisualStudioVersion = 10.0.40219.1
Project("{FAE04EC0-301F-11D3-BF4B-00C04F79EFBC}") = "Login App", "Login App\Login App.csproj", "{76D29534-7795-4D91-8ADB-8088C488B382}"
EndProject
Global
	GlobalSection(SolutionConfigurationPlatforms) = preSolution
		Debug|Any CPU = Debug|Any CPU
		Release|Any CPU = Release|Any CPU
	EndGlobalSection
	GlobalSection(ProjectConfigurationPlatforms) = postSolution
		{76D29534-7795-4D91-8ADB-8088C488B382}.Debug|Any CPU.ActiveCfg = Debug|Any CPU
		{76D29534-7795-4D91-8ADB-8088C488B382}.Debug|Any CPU.Build.0 = Debug|Any CPU
		{76D29534-7795-4D91-8ADB-8088C488B382}.Release|Any CPU.ActiveCfg = Release|Any CPU
		{76D29534-7795-4D91-8ADB-8088C488B382}.Release|Any CPU.Build.0 = Release|Any CPU
	EndGlobalSection
	GlobalSection(SolutionProperties) = preSolution
		HideSolutionNode = FALSE
	EndGlobalSection
	GlobalSection(ExtensibilityGlobals) = postSolution
		SolutionGuid = {5DF710AB-268E-41E7-98DA-B6FAD3B85EEC}
	EndGlobalSection
EndGlobal
